
Microsoft Visual Studio Solution File, Format Version 12.00
# Visual Studio Version 17
VisualStudioVersion = 17.6.33723.286
MinimumVisualStudioVersion = 10.0.40219.1
Project("{FAE04EC0-301F-11D3-BF4B-00C04F79EFBC}") = "CohortsFirstHW", "CohortsFirstHW\CohortsFirstHW.csproj", "{9BBEB8E3-98DE-4F92-A551-9E3085A56CD9}"
EndProject
Global
	GlobalSection(SolutionConfigurationPlatforms) = preSolution
		Debug|Any CPU = Debug|Any CPU
		Release|Any CPU = Release|Any CPU
	EndGlobalSection
	GlobalSection(ProjectConfigurationPlatforms) = postSolution
		{9BBEB8E3-98DE-4F92-A551-9E3085A56CD9}.Debug|Any CPU.ActiveCfg = Debug|Any CPU
		{9BBEB8E3-98DE-4F92-A551-9E3085A56CD9}.Debug|Any CPU.Build.0 = Debug|Any CPU
		{9BBEB8E3-98DE-4F92-A551-9E3085A56CD9}.Release|Any CPU.ActiveCfg = Release|Any CPU
		{9BBEB8E3-98DE-4F92-A551-9E3085A56CD9}.Release|Any CPU.Build.0 = Release|Any CPU
	EndGlobalSection
	GlobalSection(SolutionProperties) = preSolution
		HideSolutionNode = FALSE
	EndGlobalSection
	GlobalSection(ExtensibilityGlobals) = postSolution
		SolutionGuid = {C99E07E0-C0C1-4EFB-B4E7-B21ABB0C89B1}
	EndGlobalSection
EndGlobal
